
Microsoft Visual Studio Solution File, Format Version 10.00
# Visual Studio 2008
Project("{8BC9CEB8-8B4A-11D0-8D11-00A0C91BC942}") = "PhobiaAR", "PhobiaAR.vcproj", "{765F3573-A979-49E5-BF25-C3016EC5880B}"
EndProject
Global
	GlobalSection(SolutionConfigurationPlatforms) = preSolution
		Debug|Win32 = Debug|Win32
		Release|Win32 = Release|Win32
	EndGlobalSection
	GlobalSection(ProjectConfigurationPlatforms) = postSolution
		{765F3573-A979-49E5-BF25-C3016EC5880B}.Debug|Win32.ActiveCfg = Debug|Win32
		{765F3573-A979-49E5-BF25-C3016EC5880B}.Debug|Win32.Build.0 = Debug|Win32
		{765F3573-A979-49E5-BF25-C3016EC5880B}.Release|Win32.ActiveCfg = Release|Win32
		{765F3573-A979-49E5-BF25-C3016EC5880B}.Release|Win32.Build.0 = Release|Win32
	EndGlobalSection
	GlobalSection(SolutionProperties) = preSolution
		HideSolutionNode = FALSE
	EndGlobalSection
EndGlobal
